
Microsoft Visual Studio Solution File, Format Version 12.00
# Visual Studio Version 17
VisualStudioVersion = 17.0.32112.339
MinimumVisualStudioVersion = 10.0.40219.1
Project("{FAE04EC0-301F-11D3-BF4B-00C04F79EFBC}") = "PetTests", "PetTests\PetTests.csproj", "{B5E69F3C-0198-45A5-BAF6-04EA8D32FF70}"
EndProject
Global
	GlobalSection(SolutionConfigurationPlatforms) = preSolution
		Debug|Any CPU = Debug|Any CPU
		Release|Any CPU = Release|Any CPU
	EndGlobalSection
	GlobalSection(ProjectConfigurationPlatforms) = postSolution
		{B5E69F3C-0198-45A5-BAF6-04EA8D32FF70}.Debug|Any CPU.ActiveCfg = Debug|Any CPU
		{B5E69F3C-0198-45A5-BAF6-04EA8D32FF70}.Debug|Any CPU.Build.0 = Debug|Any CPU
		{B5E69F3C-0198-45A5-BAF6-04EA8D32FF70}.Release|Any CPU.ActiveCfg = Release|Any CPU
		{B5E69F3C-0198-45A5-BAF6-04EA8D32FF70}.Release|Any CPU.Build.0 = Release|Any CPU
	EndGlobalSection
	GlobalSection(SolutionProperties) = preSolution
		HideSolutionNode = FALSE
	EndGlobalSection
	GlobalSection(ExtensibilityGlobals) = postSolution
		SolutionGuid = {4744D760-7CF1-4852-96A5-1C90B52F35D1}
	EndGlobalSection
EndGlobal
